
Microsoft Visual Studio Solution File, Format Version 12.00
Project("{FAE04EC0-301F-11D3-BF4B-00C04F79EFBC}") = "Domain", "Domain\Domain.csproj", "{739389AD-1128-437A-8501-FC62BFE7DDF2}"
EndProject
Project("{FAE04EC0-301F-11D3-BF4B-00C04F79EFBC}") = "WebApi", "WebApi\WebApi.csproj", "{B0779134-BEEE-42DC-B870-D22F0BED59C1}"
EndProject
Project("{FAE04EC0-301F-11D3-BF4B-00C04F79EFBC}") = "BlazorWasm", "BlazorWasm\BlazorWasm.csproj", "{B55805E5-982D-43BF-BF82-311B3E2D6625}"
EndProject
Project("{FAE04EC0-301F-11D3-BF4B-00C04F79EFBC}") = "Application", "Application\Application.csproj", "{4F62C58A-193A-4B9B-BB07-7F44387C1E1E}"
EndProject
Project("{FAE04EC0-301F-11D3-BF4B-00C04F79EFBC}") = "HttpClients", "HttpClients\HttpClients.csproj", "{3DB2F0EC-65CE-468D-88CB-673D7CAAE7B1}"
EndProject
Project("{FAE04EC0-301F-11D3-BF4B-00C04F79EFBC}") = "EfcDataAccess", "EfcDataAccess\EfcDataAccess.csproj", "{9BF0A334-129A-4057-BD7D-94F892951730}"
EndProject
Project("{FAE04EC0-301F-11D3-BF4B-00C04F79EFBC}") = "MyApp.Tests", "MyApp.Tests\MyApp.Tests.csproj", "{A08C6B26-D71C-412A-AB4B-B236739635BF}"
EndProject
Global
	GlobalSection(SolutionConfigurationPlatforms) = preSolution
		Debug|Any CPU = Debug|Any CPU
		Release|Any CPU = Release|Any CPU
	EndGlobalSection
	GlobalSection(ProjectConfigurationPlatforms) = postSolution
		{739389AD-1128-437A-8501-FC62BFE7DDF2}.Debug|Any CPU.ActiveCfg = Debug|Any CPU
		{739389AD-1128-437A-8501-FC62BFE7DDF2}.Debug|Any CPU.Build.0 = Debug|Any CPU
		{739389AD-1128-437A-8501-FC62BFE7DDF2}.Release|Any CPU.ActiveCfg = Release|Any CPU
		{739389AD-1128-437A-8501-FC62BFE7DDF2}.Release|Any CPU.Build.0 = Release|Any CPU
		{B0779134-BEEE-42DC-B870-D22F0BED59C1}.Debug|Any CPU.ActiveCfg = Debug|Any CPU
		{B0779134-BEEE-42DC-B870-D22F0BED59C1}.Debug|Any CPU.Build.0 = Debug|Any CPU
		{B0779134-BEEE-42DC-B870-D22F0BED59C1}.Release|Any CPU.ActiveCfg = Release|Any CPU
		{B0779134-BEEE-42DC-B870-D22F0BED59C1}.Release|Any CPU.Build.0 = Release|Any CPU
		{B55805E5-982D-43BF-BF82-311B3E2D6625}.Debug|Any CPU.ActiveCfg = Debug|Any CPU
		{B55805E5-982D-43BF-BF82-311B3E2D6625}.Debug|Any CPU.Build.0 = Debug|Any CPU
		{B55805E5-982D-43BF-BF82-311B3E2D6625}.Release|Any CPU.ActiveCfg = Release|Any CPU
		{B55805E5-982D-43BF-BF82-311B3E2D6625}.Release|Any CPU.Build.0 = Release|Any CPU
		{4F62C58A-193A-4B9B-BB07-7F44387C1E1E}.Debug|Any CPU.ActiveCfg = Debug|Any CPU
		{4F62C58A-193A-4B9B-BB07-7F44387C1E1E}.Debug|Any CPU.Build.0 = Debug|Any CPU
		{4F62C58A-193A-4B9B-BB07-7F44387C1E1E}.Release|Any CPU.ActiveCfg = Release|Any CPU
		{4F62C58A-193A-4B9B-BB07-7F44387C1E1E}.Release|Any CPU.Build.0 = Release|Any CPU
		{3DB2F0EC-65CE-468D-88CB-673D7CAAE7B1}.Debug|Any CPU.ActiveCfg = Debug|Any CPU
		{3DB2F0EC-65CE-468D-88CB-673D7CAAE7B1}.Debug|Any CPU.Build.0 = Debug|Any CPU
		{3DB2F0EC-65CE-468D-88CB-673D7CAAE7B1}.Release|Any CPU.ActiveCfg = Release|Any CPU
		{3DB2F0EC-65CE-468D-88CB-673D7CAAE7B1}.Release|Any CPU.Build.0 = Release|Any CPU
		{9BF0A334-129A-4057-BD7D-94F892951730}.Debug|Any CPU.ActiveCfg = Debug|Any CPU
		{9BF0A334-129A-4057-BD7D-94F892951730}.Debug|Any CPU.Build.0 = Debug|Any CPU
		{9BF0A334-129A-4057-BD7D-94F892951730}.Release|Any CPU.ActiveCfg = Release|Any CPU
		{9BF0A334-129A-4057-BD7D-94F892951730}.Release|Any CPU.Build.0 = Release|Any CPU
		{A08C6B26-D71C-412A-AB4B-B236739635BF}.Debug|Any CPU.ActiveCfg = Debug|Any CPU
		{A08C6B26-D71C-412A-AB4B-B236739635BF}.Debug|Any CPU.Build.0 = Debug|Any CPU
		{A08C6B26-D71C-412A-AB4B-B236739635BF}.Release|Any CPU.ActiveCfg = Release|Any CPU
		{A08C6B26-D71C-412A-AB4B-B236739635BF}.Release|Any CPU.Build.0 = Release|Any CPU
	EndGlobalSection
EndGlobal
